
Microsoft Visual Studio Solution File, Format Version 12.00
# Visual Studio Version 17
VisualStudioVersion = 17.6.33815.320
MinimumVisualStudioVersion = 10.0.40219.1
Project("{9A19103F-16F7-4668-BE54-9A1E7A4F7556}") = "pillont.CommonTools.Core", "pillont.CommonTools.Core\pillont.CommonTools.Core.csproj", "{04E7BD71-DB59-4B1E-ABB6-051FB84F4A3F}"
EndProject
Project("{9A19103F-16F7-4668-BE54-9A1E7A4F7556}") = "pillont.CommonTools.MSDependencyInjectionTools", "pillont.CommonTools.MSDependencyInjectionTools\pillont.CommonTools.MSDependencyInjectionTools.csproj", "{EAD4D140-E192-42A8-95B2-438C41D8158F}"
EndProject
Project("{2150E333-8FDC-42A3-9474-1A3956D46DE8}") = "Core", "Core", "{4D1AEB95-2D22-4BB7-A0B7-60A39D3E9EFA}"
EndProject
Project("{9A19103F-16F7-4668-BE54-9A1E7A4F7556}") = "pillont.CommonTools.Core.AspNetCore.Injection", "pillont.CommonTools.Core.AspNetCore.Injection\pillont.CommonTools.Core.AspNetCore.Injection.csproj", "{CE50ABA4-D7E8-4263-ADBF-A333B3CFAED4}"
EndProject
Project("{9A19103F-16F7-4668-BE54-9A1E7A4F7556}") = "pillont.CommonTools.Core.AspNetCore.ExceptionsFilters", "pillont.CommonTools.Core.AspNetCore.ExceptionsFilters\pillont.CommonTools.Core.AspNetCore.ExceptionsFilters.csproj", "{A92BD84D-D87E-4B7E-BF95-B19B47269507}"
EndProject
Project("{9A19103F-16F7-4668-BE54-9A1E7A4F7556}") = "pillont.CommonTools.Core.Reflection", "pillont.CommonTools.Core.Reflection\pillont.CommonTools.Core.Reflection.csproj", "{27F8CDBD-A295-41F7-AAAE-09975FA49536}"
EndProject
Project("{9A19103F-16F7-4668-BE54-9A1E7A4F7556}") = "pillont.CommonTools.Core.AspNetCore.Core", "pillont.CommonTools.Core.AspNetCore.Core\pillont.CommonTools.Core.AspNetCore.Core.csproj", "{770B3392-82C3-4850-A564-3BFDCEDC4A57}"
EndProject
Global
	GlobalSection(SolutionConfigurationPlatforms) = preSolution
		Debug|Any CPU = Debug|Any CPU
		Release|Any CPU = Release|Any CPU
	EndGlobalSection
	GlobalSection(ProjectConfigurationPlatforms) = postSolution
		{04E7BD71-DB59-4B1E-ABB6-051FB84F4A3F}.Debug|Any CPU.ActiveCfg = Debug|Any CPU
		{04E7BD71-DB59-4B1E-ABB6-051FB84F4A3F}.Debug|Any CPU.Build.0 = Debug|Any CPU
		{04E7BD71-DB59-4B1E-ABB6-051FB84F4A3F}.Release|Any CPU.ActiveCfg = Release|Any CPU
		{04E7BD71-DB59-4B1E-ABB6-051FB84F4A3F}.Release|Any CPU.Build.0 = Release|Any CPU
		{EAD4D140-E192-42A8-95B2-438C41D8158F}.Debug|Any CPU.ActiveCfg = Debug|Any CPU
		{EAD4D140-E192-42A8-95B2-438C41D8158F}.Debug|Any CPU.Build.0 = Debug|Any CPU
		{EAD4D140-E192-42A8-95B2-438C41D8158F}.Release|Any CPU.ActiveCfg = Release|Any CPU
		{EAD4D140-E192-42A8-95B2-438C41D8158F}.Release|Any CPU.Build.0 = Release|Any CPU
		{CE50ABA4-D7E8-4263-ADBF-A333B3CFAED4}.Debug|Any CPU.ActiveCfg = Debug|Any CPU
		{CE50ABA4-D7E8-4263-ADBF-A333B3CFAED4}.Debug|Any CPU.Build.0 = Debug|Any CPU
		{CE50ABA4-D7E8-4263-ADBF-A333B3CFAED4}.Release|Any CPU.ActiveCfg = Release|Any CPU
		{CE50ABA4-D7E8-4263-ADBF-A333B3CFAED4}.Release|Any CPU.Build.0 = Release|Any CPU
		{A92BD84D-D87E-4B7E-BF95-B19B47269507}.Debug|Any CPU.ActiveCfg = Debug|Any CPU
		{A92BD84D-D87E-4B7E-BF95-B19B47269507}.Debug|Any CPU.Build.0 = Debug|Any CPU
		{A92BD84D-D87E-4B7E-BF95-B19B47269507}.Release|Any CPU.ActiveCfg = Release|Any CPU
		{A92BD84D-D87E-4B7E-BF95-B19B47269507}.Release|Any CPU.Build.0 = Release|Any CPU
		{27F8CDBD-A295-41F7-AAAE-09975FA49536}.Debug|Any CPU.ActiveCfg = Debug|Any CPU
		{27F8CDBD-A295-41F7-AAAE-09975FA49536}.Debug|Any CPU.Build.0 = Debug|Any CPU
		{27F8CDBD-A295-41F7-AAAE-09975FA49536}.Release|Any CPU.ActiveCfg = Release|Any CPU
		{27F8CDBD-A295-41F7-AAAE-09975FA49536}.Release|Any CPU.Build.0 = Release|Any CPU
		{770B3392-82C3-4850-A564-3BFDCEDC4A57}.Debug|Any CPU.ActiveCfg = Debug|Any CPU
		{770B3392-82C3-4850-A564-3BFDCEDC4A57}.Debug|Any CPU.Build.0 = Debug|Any CPU
		{770B3392-82C3-4850-A564-3BFDCEDC4A57}.Release|Any CPU.ActiveCfg = Release|Any CPU
		{770B3392-82C3-4850-A564-3BFDCEDC4A57}.Release|Any CPU.Build.0 = Release|Any CPU
	EndGlobalSection
	GlobalSection(SolutionProperties) = preSolution
		HideSolutionNode = FALSE
	EndGlobalSection
	GlobalSection(NestedProjects) = preSolution
		{04E7BD71-DB59-4B1E-ABB6-051FB84F4A3F} = {4D1AEB95-2D22-4BB7-A0B7-60A39D3E9EFA}
		{EAD4D140-E192-42A8-95B2-438C41D8158F} = {4D1AEB95-2D22-4BB7-A0B7-60A39D3E9EFA}
		{CE50ABA4-D7E8-4263-ADBF-A333B3CFAED4} = {4D1AEB95-2D22-4BB7-A0B7-60A39D3E9EFA}
		{A92BD84D-D87E-4B7E-BF95-B19B47269507} = {4D1AEB95-2D22-4BB7-A0B7-60A39D3E9EFA}
		{27F8CDBD-A295-41F7-AAAE-09975FA49536} = {4D1AEB95-2D22-4BB7-A0B7-60A39D3E9EFA}
		{770B3392-82C3-4850-A564-3BFDCEDC4A57} = {4D1AEB95-2D22-4BB7-A0B7-60A39D3E9EFA}
	EndGlobalSection
	GlobalSection(ExtensibilityGlobals) = postSolution
		SolutionGuid = {A34EE479-6534-42CD-9924-4B161FBB4B8D}
	EndGlobalSection
EndGlobal
